hash: 322f3f60b979ae04b7a65b2be6780ca496f21c512f85ab246444b24ff8e136b8
updated: 2017-12-27T16:24:27.4660741+08:00
imports:
- name: github.com/andybalholm/cascadia
  version: 349dd0209470eabd9514242c688c403c0926d266
- name: github.com/axgle/mahonia
  version: 0c44128a83abf861873f8f4ec81fe58ff1cf6ea4
- name: github.com/json-iterator/go
  version: f7279a603edee96fe7764d3de9c6ff8cf9970994
- name: github.com/PuerkitoBio/goquery
  version: bc4e06eb0792d1a14661d19dd7822163c25bb6bd
- name: golang.org/x/net
  version: d866cfc389cec985d6fda2859936a575a55a3ab6
  subpackages:
  - html
  - html/atom
testImports: []
